// !$*UTF8*$!
{
	archiveVersion = 1;
	classes = {
	};
	objectVersion = 77;
	objects = {

/* Begin PBXBuildFile section */
		00DA596667674069A3E69886 /* InboxView.swift in Sources */ = {isa = PBXBuildFile; fileRef = EEF0032D16E75A0003ECAA5C /* InboxView.swift */; };
		08FEE1E0E93044E3ECA287D2 /* VaultPrompts.swift in Sources */ = {isa = PBXBuildFile; fileRef = 7B4C217EDB49F26B587027C8 /* VaultPrompts.swift */; };
		09F694C5C4D716E93F825AC7 /* RootModel.swift in Sources */ = {isa = PBXBuildFile; fileRef = 676B2357ACAEF991AE9837BD /* RootModel.swift */; };
		0C25160BEC2911502730034F /* WatchtowerView.swift in Sources */ = {isa = PBXBuildFile; fileRef = F1E05AAEBDDF4BC4EF048A3C /* WatchtowerView.swift */; };
		0E617EF1351E81FD74E13801 /* StatusCapsule.swift in Sources */ = {isa = PBXBuildFile; fileRef = 7600063A6C34AC63E06F2378 /* StatusCapsule.swift */; };
		0F8B4851F0A8E3832FF629A5 /* ApprovalsView.swift in Sources */ = {isa = PBXBuildFile; fileRef = 33EFF55AA7ADF95410EB9472 /* ApprovalsView.swift */; };
		1060F80970E18A341F6D0669 /* PreviewData.swift in Sources */ = {isa = PBXBuildFile; fileRef = 1BF79E9789093F95CA5C3233 /* PreviewData.swift */; };
		11E32DAE9B618713C2D006E7 /* ScanView.swift in Sources */ = {isa = PBXBuildFile; fileRef = 35FEB27DAC4943C23B689CEA /* ScanView.swift */; };
		142D89311379F85A2A898CEF /* ApassyVaultCore in Frameworks */ = {isa = PBXBuildFile; productRef = 492453E946A35E682FE6C4B4 /* ApassyVaultCore */; };
		1A52B124D8933244BA388026 /* MacView.swift in Sources */ = {isa = PBXBuildFile; fileRef = 5C707E9B88A62DDDE31571CE /* MacView.swift */; };
		1CEEF50BFCB6D847B049A3D6 /* AutoFillModel.swift in Sources */ = {isa = PBXBuildFile; fileRef = A1A7B7089BA3A509093E8685 /* AutoFillModel.swift */; };
		1E57AF690201D989941754AB /* ICloudVaultModel.swift in Sources */ = {isa = PBXBuildFile; fileRef = 95CB97B8F03841A75DB19BE7 /* ICloudVaultModel.swift */; };
		24E21F470E30106F0769BC1B /* SessionModel.swift in Sources */ = {isa = PBXBuildFile; fileRef = F6F302A1D75457EBBD7CBBF1 /* SessionModel.swift */; };
		25B454F68E7F851382CB8CDD /* WelcomeView.swift in Sources */ = {isa = PBXBuildFile; fileRef = 28D931508D2F301CC10F79C0 /* WelcomeView.swift */; };
		27224C6F6BF114EB760AF4BC /* ForgetMacButton.swift in Sources */ = {isa = PBXBuildFile; fileRef = 61CD637566F0ED5A94FBD4BB /* ForgetMacButton.swift */; };
		32E26ABF44D434EC0B4A3556 /* ItemDetailView.swift in Sources */ = {isa = PBXBuildFile; fileRef = F3D12AC62CA251B3BDB3D870 /* ItemDetailView.swift */; };
		3C9D4C120707FEF65A02F1B3 /* OwnerGate.swift in Sources */ = {isa = PBXBuildFile; fileRef = 8E4146357404F8C913371D3F /* OwnerGate.swift */; };
		3EB151FA4F3F4C95FDA98FE8 /* ApassyCompanionApp.swift in Sources */ = {isa = PBXBuildFile; fileRef = DB347F790915A1B646346265 /* ApassyCompanionApp.swift */; };
		413FFCF50643061BDB362BB2 /* PrivacyCover.swift in Sources */ = {isa = PBXBuildFile; fileRef = 8ADC1C45326B2A085857E93A /* PrivacyCover.swift */; };
		4D49CF16AA3E8B545B2300DE /* VaultSettings.swift in Sources */ = {isa = PBXBuildFile; fileRef = 38500713C126F8B4EEE9C6F5 /* VaultSettings.swift */; };
		4F69B92A4364426CA93EE63B /* MacConnection.swift in Sources */ = {isa = PBXBuildFile; fileRef = E147004528DE97B7F6F8E9BF /* MacConnection.swift */; };
		57F6005A3BA458D149AD653A /* AppWelcomeView.swift in Sources */ = {isa = PBXBuildFile; fileRef = F58D1C2BB6F8A7EB17A42568 /* AppWelcomeView.swift */; };
		58649B1B8B8EA0BF7F0A2E83 /* ApassyVaultKit in Frameworks */ = {isa = PBXBuildFile; productRef = EACEA60C501FAA941326D7E1 /* ApassyVaultKit */; };
		5F11EE428F560015AA9E2BCE /* VaultModel.swift in Sources */ = {isa = PBXBuildFile; fileRef = 8A053A5569796E7D6C02E46D /* VaultModel.swift */; };
		609072B00CF0B945807B0E6A /* CodeViews.swift in Sources */ = {isa = PBXBuildFile; fileRef = 7817EDC4D472A14E4FC7E630 /* CodeViews.swift */; };
		674F78210B56608BDFDE6D0D /* AppModel.swift in Sources */ = {isa = PBXBuildFile; fileRef = 684F437C25C8B450F56C714A /* AppModel.swift */; };
		691C57166953082B01AC26AB /* Assets.xcassets in Resources */ = {isa = PBXBuildFile; fileRef = ACB44566CDBBB8C618ED0233 /* Assets.xcassets */; };
		6B2670298B8143D54CCD9E3E /* CodeScannerPanel.swift in Sources */ = {isa = PBXBuildFile; fileRef = 52A768E41BE6FD6BA91F0FC9 /* CodeScannerPanel.swift */; };
		6F6D678113B6BA5D82709E80 /* VaultTabView.swift in Sources */ = {isa = PBXBuildFile; fileRef = 1CAA1DEB0BD7A9938483BF58 /* VaultTabView.swift */; };
		73FBB0FDD0BC645CA75F5C8B /* DeviceName.swift in Sources */ = {isa = PBXBuildFile; fileRef = 11EB13920306DFE4830B5187 /* DeviceName.swift */; };
		8562FA44FBECC5E6F628C81A /* VaultText.swift in Sources */ = {isa = PBXBuildFile; fileRef = 6E55AB118DA00EE6D0529187 /* VaultText.swift */; };
		866E0C2F76BB1C522007252B /* FlowLayout.swift in Sources */ = {isa = PBXBuildFile; fileRef = A37147DA2D368F8D09352F30 /* FlowLayout.swift */; };
		88D297705A24C7750135FFE6 /* JoinModel.swift in Sources */ = {isa = PBXBuildFile; fileRef = 5A24AC166DBA7F3F58D3F484 /* JoinModel.swift */; };
		8978D6FB472BF35AC15B9BFE /* PairingFlowView.swift in Sources */ = {isa = PBXBuildFile; fileRef = 2852EDCFD6A280976A327162 /* PairingFlowView.swift */; };
		8D524F2EC39AF6DF75652AAB /* LicensesView.swift in Sources */ = {isa = PBXBuildFile; fileRef = 3767CC017257A886D4694D81 /* LicensesView.swift */; };
		904BCA91D44ADF8CE134333C /* ICloudVaultFlowView.swift in Sources */ = {isa = PBXBuildFile; fileRef = BCDF2D0D076678612EDDA49F /* ICloudVaultFlowView.swift */; };
		939B7B4EEFA0419E68FC61B3 /* ApassyVaultKit in Frameworks */ = {isa = PBXBuildFile; productRef = 353E83378BBC3FDA45A62FDC /* ApassyVaultKit */; };
		96BFFFBB07804A2D3E07D4E3 /* SettingsView.swift in Sources */ = {isa = PBXBuildFile; fileRef = 6AF93D2413F24FB5B4F38F18 /* SettingsView.swift */; };
		97A2E6135F036E9C6B224D8A /* ItemEditorModel.swift in Sources */ = {isa = PBXBuildFile; fileRef = 1C0D707D429BDDECB6D010D2 /* ItemEditorModel.swift */; };
		9D61512DB9ED24163C2C70E4 /* QRScannerView.swift in Sources */ = {isa = PBXBuildFile; fileRef = 2F434C376345E9C5F41FD05C /* QRScannerView.swift */; };
		AEFADD38BBF2E16B3CCE88BE /* AuthenticationServices.framework in Frameworks */ = {isa = PBXBuildFile; fileRef = E1233715B64E75B11C0EEA02 /* AuthenticationServices.framework */; };
		B1EA08F2EA7D9DF46537774F /* LockView.swift in Sources */ = {isa = PBXBuildFile; fileRef = BA1978BE1A25B04CCD8F98DB /* LockView.swift */; };
		B9E78C434584B11B6067254E /* ActivityView.swift in Sources */ = {isa = PBXBuildFile; fileRef = 169E52DFC915C8BFD6A8EBCB /* ActivityView.swift */; };
		BBF4A5AD64CFAD14F670286E /* GeneratorView.swift in Sources */ = {isa = PBXBuildFile; fileRef = 38F3E0A15FE766FA331F02FD /* GeneratorView.swift */; };
		BD37047CC6B15911AFA24AD5 /* AutoFillViews.swift in Sources */ = {isa = PBXBuildFile; fileRef = 0BC42EE11D63D65DD187A2A1 /* AutoFillViews.swift */; };
		BDD9FABC86173D3F21C383A8 /* ItemEditorView.swift in Sources */ = {isa = PBXBuildFile; fileRef = D22401E12E72EAFD4F8B7F52 /* ItemEditorView.swift */; };
		C42C4BC25E83C2DFFE8F7810 /* CredentialProviderViewController.swift in Sources */ = {isa = PBXBuildFile; fileRef = B210B98EF4836F5C25B4F8E9 /* CredentialProviderViewController.swift */; };
		C75F905D2E169F09022BA2A5 /* CoverPolicy.swift in Sources */ = {isa = PBXBuildFile; fileRef = F822347FA7AB2283110B8D02 /* CoverPolicy.swift */; };
		CC7A69ACA7CEA7FCC99380BB /* ApassyAutoFill.appex in Embed Foundation Extensions */ = {isa = PBXBuildFile; fileRef = D3E90CB21B3E02087D2ADE0F /* ApassyAutoFill.appex */; settings = {ATTRIBUTES = (RemoveHeadersOnCopy, ); }; };
		CF4E4D1C4CC0D4D521C372E5 /* RunSnapshot.swift in Sources */ = {isa = PBXBuildFile; fileRef = 09431E87D7B3F006155FFB5D /* RunSnapshot.swift */; };
		D484EF81C10E23E407A4ABBC /* VaultQuery.swift in Sources */ = {isa = PBXBuildFile; fileRef = D8EC9697F29193286C3FA919 /* VaultQuery.swift */; };
		DB2B1BEDAC9D9E9936D1F74E /* ApassyVaultCore in Frameworks */ = {isa = PBXBuildFile; productRef = B05ACCDC4E7DAE781A0DAB60 /* ApassyVaultCore */; };
		DC4A4F8140CC1A4C659F2AAD /* ApassyCompanionKit in Frameworks */ = {isa = PBXBuildFile; productRef = 6FE3FFDC8C82F88AFD62B39B /* ApassyCompanionKit */; };
		DF14C6589280FB82F5E3D836 /* VaultComponents.swift in Sources */ = {isa = PBXBuildFile; fileRef = 801D958711CB9104B029DFE7 /* VaultComponents.swift */; };
		E1EC7ADCAEFFFD5336E65C8E /* ItemDetailModel.swift in Sources */ = {isa = PBXBuildFile; fileRef = 85D80182C9A54AC9ACC88F5C /* ItemDetailModel.swift */; };
		E449C2128DB03FD963CDF80D /* RunDetailView.swift in Sources */ = {isa = PBXBuildFile; fileRef = 9A81CC84B47B4D6261B3D739 /* RunDetailView.swift */; };
		E92DDF171CBCAB2694A5C0DD /* PairingModel.swift in Sources */ = {isa = PBXBuildFile; fileRef = B8A7940F84FC12C29393A036 /* PairingModel.swift */; };
		EE66CB21B35E83A303A648E2 /* GeneratorModel.swift in Sources */ = {isa = PBXBuildFile; fileRef = C03D253B246ED503A21556A3 /* GeneratorModel.swift */; };
		F04F4F1BEA84E2D259BB8C2B /* licenses in Resources */ = {isa = PBXBuildFile; fileRef = E8A87456D121CC2ED66668A6 /* licenses */; };
		F076F449DEDCF35058629720 /* JoinFlowView.swift in Sources */ = {isa = PBXBuildFile; fileRef = FF384FB7C7A9E213F181560D /* JoinFlowView.swift */; };
		FD7A167D298AFB536B1E9D93 /* RunRow.swift in Sources */ = {isa = PBXBuildFile; fileRef = 9AD81109F0D7E34046EDDB9F /* RunRow.swift */; };
/* End PBXBuildFile section */

/* Begin PBXContainerItemProxy section */
		BDFA531F274669DA526FB977 /* PBXContainerItemProxy */ = {
			isa = PBXContainerItemProxy;
			containerPortal = DCBC3BBE1FCC07BF25224DB2 /* Project object */;
			proxyType = 1;
			remoteGlobalIDString = DFAA36CE6FA994B0BF0F57A1;
			remoteInfo = ApassyAutoFill;
		};
/* End PBXContainerItemProxy section */

/* Begin PBXCopyFilesBuildPhase section */
		5E862BFDBD88324A98833D8D /* Embed Foundation Extensions */ = {
			isa = PBXCopyFilesBuildPhase;
			buildActionMask = 2147483647;
			dstPath = "";
			dstSubfolderSpec = 13;
			files = (
				CC7A69ACA7CEA7FCC99380BB /* ApassyAutoFill.appex in Embed Foundation Extensions */,
			);
			name = "Embed Foundation Extensions";
			runOnlyForDeploymentPostprocessing = 0;
		};
/* End PBXCopyFilesBuildPhase section */

/* Begin PBXFileReference section */
		09431E87D7B3F006155FFB5D /* RunSnapshot.swift */ = {isa = PBXFileReference; lastKnownFileType = sourcecode.swift; path = RunSnapshot.swift; sourceTree = "<group>"; };
		0BC42EE11D63D65DD187A2A1 /* AutoFillViews.swift */ = {isa = PBXFileReference; lastKnownFileType = sourcecode.swift; path = AutoFillViews.swift; sourceTree = "<group>"; };
		11EB13920306DFE4830B5187 /* DeviceName.swift */ = {isa = PBXFileReference; lastKnownFileType = sourcecode.swift; path = DeviceName.swift; sourceTree = "<group>"; };
		169E52DFC915C8BFD6A8EBCB /* ActivityView.swift */ = {isa = PBXFileReference; lastKnownFileType = sourcecode.swift; path = ActivityView.swift; sourceTree = "<group>"; };
		1BF79E9789093F95CA5C3233 /* PreviewData.swift */ = {isa = PBXFileReference; lastKnownFileType = sourcecode.swift; path = PreviewData.swift; sourceTree = "<group>"; };
		1C0D707D429BDDECB6D010D2 /* ItemEditorModel.swift */ = {isa = PBXFileReference; lastKnownFileType = sourcecode.swift; path = ItemEditorModel.swift; sourceTree = "<group>"; };
		1CAA1DEB0BD7A9938483BF58 /* VaultTabView.swift */ = {isa = PBXFileReference; lastKnownFileType = sourcecode.swift; path = VaultTabView.swift; sourceTree = "<group>"; };
		2852EDCFD6A280976A327162 /* PairingFlowView.swift */ = {isa = PBXFileReference; lastKnownFileType = sourcecode.swift; path = PairingFlowView.swift; sourceTree = "<group>"; };
		28D931508D2F301CC10F79C0 /* WelcomeView.swift */ = {isa = PBXFileReference; lastKnownFileType = sourcecode.swift; path = WelcomeView.swift; sourceTree = "<group>"; };
		2F434C376345E9C5F41FD05C /* QRScannerView.swift */ = {isa = PBXFileReference; lastKnownFileType = sourcecode.swift; path = QRScannerView.swift; sourceTree = "<group>"; };
		33EFF55AA7ADF95410EB9472 /* ApprovalsView.swift */ = {isa = PBXFileReference; lastKnownFileType = sourcecode.swift; path = ApprovalsView.swift; sourceTree = "<group>"; };
		35FEB27DAC4943C23B689CEA /* ScanView.swift */ = {isa = PBXFileReference; lastKnownFileType = sourcecode.swift; path = ScanView.swift; sourceTree = "<group>"; };
		3767CC017257A886D4694D81 /* LicensesView.swift */ = {isa = PBXFileReference; lastKnownFileType = sourcecode.swift; path = LicensesView.swift; sourceTree = "<group>"; };
		38500713C126F8B4EEE9C6F5 /* VaultSettings.swift */ = {isa = PBXFileReference; lastKnownFileType = sourcecode.swift; path = VaultSettings.swift; sourceTree = "<group>"; };
		38F3E0A15FE766FA331F02FD /* GeneratorView.swift */ = {isa = PBXFileReference; lastKnownFileType = sourcecode.swift; path = GeneratorView.swift; sourceTree = "<group>"; };
		52A768E41BE6FD6BA91F0FC9 /* CodeScannerPanel.swift */ = {isa = PBXFileReference; lastKnownFileType = sourcecode.swift; path = CodeScannerPanel.swift; sourceTree = "<group>"; };
		5A24AC166DBA7F3F58D3F484 /* JoinModel.swift */ = {isa = PBXFileReference; lastKnownFileType = sourcecode.swift; path = JoinModel.swift; sourceTree = "<group>"; };
		5C707E9B88A62DDDE31571CE /* MacView.swift */ = {isa = PBXFileReference; lastKnownFileType = sourcecode.swift; path = MacView.swift; sourceTree = "<group>"; };
		61CD637566F0ED5A94FBD4BB /* ForgetMacButton.swift */ = {isa = PBXFileReference; lastKnownFileType = sourcecode.swift; path = ForgetMacButton.swift; sourceTree = "<group>"; };
		676B2357ACAEF991AE9837BD /* RootModel.swift */ = {isa = PBXFileReference; lastKnownFileType = sourcecode.swift; path = RootModel.swift; sourceTree = "<group>"; };
		684F437C25C8B450F56C714A /* AppModel.swift */ = {isa = PBXFileReference; lastKnownFileType = sourcecode.swift; path = AppModel.swift; sourceTree = "<group>"; };
		6AF93D2413F24FB5B4F38F18 /* SettingsView.swift */ = {isa = PBXFileReference; lastKnownFileType = sourcecode.swift; path = SettingsView.swift; sourceTree = "<group>"; };
		6E55AB118DA00EE6D0529187 /* VaultText.swift */ = {isa = PBXFileReference; lastKnownFileType = sourcecode.swift; path = VaultText.swift; sourceTree = "<group>"; };
		7600063A6C34AC63E06F2378 /* StatusCapsule.swift */ = {isa = PBXFileReference; lastKnownFileType = sourcecode.swift; path = StatusCapsule.swift; sourceTree = "<group>"; };
		77A06C17E89DC1DCB1864D33 /* ApassyAutoFill.entitlements */ = {isa = PBXFileReference; lastKnownFileType = text.plist.entitlements; path = ApassyAutoFill.entitlements; sourceTree = "<group>"; };
		7817EDC4D472A14E4FC7E630 /* CodeViews.swift */ = {isa = PBXFileReference; lastKnownFileType = sourcecode.swift; path = CodeViews.swift; sourceTree = "<group>"; };
		7B4C217EDB49F26B587027C8 /* VaultPrompts.swift */ = {isa = PBXFileReference; lastKnownFileType = sourcecode.swift; path = VaultPrompts.swift; sourceTree = "<group>"; };
		7EABE51DFD3F87A3C292A656 /* ApassyCompanion.app */ = {isa = PBXFileReference; includeInIndex = 0; lastKnownFileType = wrapper.application; path = ApassyCompanion.app; sourceTree = BUILT_PRODUCTS_DIR; };
		801D958711CB9104B029DFE7 /* VaultComponents.swift */ = {isa = PBXFileReference; lastKnownFileType = sourcecode.swift; path = VaultComponents.swift; sourceTree = "<group>"; };
		85D80182C9A54AC9ACC88F5C /* ItemDetailModel.swift */ = {isa = PBXFileReference; lastKnownFileType = sourcecode.swift; path = ItemDetailModel.swift; sourceTree = "<group>"; };
		8A053A5569796E7D6C02E46D /* VaultModel.swift */ = {isa = PBXFileReference; lastKnownFileType = sourcecode.swift; path = VaultModel.swift; sourceTree = "<group>"; };
		8ADC1C45326B2A085857E93A /* PrivacyCover.swift */ = {isa = PBXFileReference; lastKnownFileType = sourcecode.swift; path = PrivacyCover.swift; sourceTree = "<group>"; };
		8BBBE6D218E66D39BFFB94C7 /* ApassyCompanionKit */ = {isa = PBXFileReference; lastKnownFileType = folder; name = ApassyCompanionKit; path = ../ApassyCompanionKit; sourceTree = SOURCE_ROOT; };
		8E4146357404F8C913371D3F /* OwnerGate.swift */ = {isa = PBXFileReference; lastKnownFileType = sourcecode.swift; path = OwnerGate.swift; sourceTree = "<group>"; };
		95CB97B8F03841A75DB19BE7 /* ICloudVaultModel.swift */ = {isa = PBXFileReference; lastKnownFileType = sourcecode.swift; path = ICloudVaultModel.swift; sourceTree = "<group>"; };
		9A81CC84B47B4D6261B3D739 /* RunDetailView.swift */ = {isa = PBXFileReference; lastKnownFileType = sourcecode.swift; path = RunDetailView.swift; sourceTree = "<group>"; };
		9AD81109F0D7E34046EDDB9F /* RunRow.swift */ = {isa = PBXFileReference; lastKnownFileType = sourcecode.swift; path = RunRow.swift; sourceTree = "<group>"; };
		A1A7B7089BA3A509093E8685 /* AutoFillModel.swift */ = {isa = PBXFileReference; lastKnownFileType = sourcecode.swift; path = AutoFillModel.swift; sourceTree = "<group>"; };
		A30BE0E798882BAE6EEF527A /* ApassyVaultKit */ = {isa = PBXFileReference; lastKnownFileType = folder; name = ApassyVaultKit; path = ../ApassyVaultKit; sourceTree = SOURCE_ROOT; };
		A37147DA2D368F8D09352F30 /* FlowLayout.swift */ = {isa = PBXFileReference; lastKnownFileType = sourcecode.swift; path = FlowLayout.swift; sourceTree = "<group>"; };
		ACB44566CDBBB8C618ED0233 /* Assets.xcassets */ = {isa = PBXFileReference; lastKnownFileType = folder.assetcatalog; path = Assets.xcassets; sourceTree = "<group>"; };
		B210B98EF4836F5C25B4F8E9 /* CredentialProviderViewController.swift */ = {isa = PBXFileReference; lastKnownFileType = sourcecode.swift; path = CredentialProviderViewController.swift; sourceTree = "<group>"; };
		B8A7940F84FC12C29393A036 /* PairingModel.swift */ = {isa = PBXFileReference; lastKnownFileType = sourcecode.swift; path = PairingModel.swift; sourceTree = "<group>"; };
		BA1978BE1A25B04CCD8F98DB /* LockView.swift */ = {isa = PBXFileReference; lastKnownFileType = sourcecode.swift; path = LockView.swift; sourceTree = "<group>"; };
		BCDF2D0D076678612EDDA49F /* ICloudVaultFlowView.swift */ = {isa = PBXFileReference; lastKnownFileType = sourcecode.swift; path = ICloudVaultFlowView.swift; sourceTree = "<group>"; };
		C03D253B246ED503A21556A3 /* GeneratorModel.swift */ = {isa = PBXFileReference; lastKnownFileType = sourcecode.swift; path = GeneratorModel.swift; sourceTree = "<group>"; };
		C367432632CB02AEBDD2CDF8 /* Info.plist */ = {isa = PBXFileReference; lastKnownFileType = text.plist; path = Info.plist; sourceTree = "<group>"; };
		D22401E12E72EAFD4F8B7F52 /* ItemEditorView.swift */ = {isa = PBXFileReference; lastKnownFileType = sourcecode.swift; path = ItemEditorView.swift; sourceTree = "<group>"; };
		D3E90CB21B3E02087D2ADE0F /* ApassyAutoFill.appex */ = {isa = PBXFileReference; includeInIndex = 0; lastKnownFileType = "wrapper.app-extension"; path = ApassyAutoFill.appex; sourceTree = BUILT_PRODUCTS_DIR; };
		D8EC9697F29193286C3FA919 /* VaultQuery.swift */ = {isa = PBXFileReference; lastKnownFileType = sourcecode.swift; path = VaultQuery.swift; sourceTree = "<group>"; };
		DB347F790915A1B646346265 /* ApassyCompanionApp.swift */ = {isa = PBXFileReference; lastKnownFileType = sourcecode.swift; path = ApassyCompanionApp.swift; sourceTree = "<group>"; };
		E1233715B64E75B11C0EEA02 /* AuthenticationServices.framework */ = {isa = PBXFileReference; lastKnownFileType = wrapper.framework; name = AuthenticationServices.framework; path = System/Library/Frameworks/AuthenticationServices.framework; sourceTree = SDKROOT; };
		E147004528DE97B7F6F8E9BF /* MacConnection.swift */ = {isa = PBXFileReference; lastKnownFileType = sourcecode.swift; path = MacConnection.swift; sourceTree = "<group>"; };
		E8A87456D121CC2ED66668A6 /* licenses */ = {isa = PBXFileReference; lastKnownFileType = folder; name = licenses; path = ../../licenses; sourceTree = SOURCE_ROOT; };
		EEF0032D16E75A0003ECAA5C /* InboxView.swift */ = {isa = PBXFileReference; lastKnownFileType = sourcecode.swift; path = InboxView.swift; sourceTree = "<group>"; };
		F1E05AAEBDDF4BC4EF048A3C /* WatchtowerView.swift */ = {isa = PBXFileReference; lastKnownFileType = sourcecode.swift; path = WatchtowerView.swift; sourceTree = "<group>"; };
		F3D12AC62CA251B3BDB3D870 /* ItemDetailView.swift */ = {isa = PBXFileReference; lastKnownFileType = sourcecode.swift; path = ItemDetailView.swift; sourceTree = "<group>"; };
		F58D1C2BB6F8A7EB17A42568 /* AppWelcomeView.swift */ = {isa = PBXFileReference; lastKnownFileType = sourcecode.swift; path = AppWelcomeView.swift; sourceTree = "<group>"; };
		F6F302A1D75457EBBD7CBBF1 /* SessionModel.swift */ = {isa = PBXFileReference; lastKnownFileType = sourcecode.swift; path = SessionModel.swift; sourceTree = "<group>"; };
		F822347FA7AB2283110B8D02 /* CoverPolicy.swift */ = {isa = PBXFileReference; lastKnownFileType = sourcecode.swift; path = CoverPolicy.swift; sourceTree = "<group>"; };
		FF384FB7C7A9E213F181560D /* JoinFlowView.swift */ = {isa = PBXFileReference; lastKnownFileType = sourcecode.swift; path = JoinFlowView.swift; sourceTree = "<group>"; };
/* End PBXFileReference section */

/* Begin PBXFrameworksBuildPhase section */
		2B2114B4C568B2790B688A48 /* Frameworks */ = {
			isa = PBXFrameworksBuildPhase;
			buildActionMask = 2147483647;
			files = (
				DC4A4F8140CC1A4C659F2AAD /* ApassyCompanionKit in Frameworks */,
				58649B1B8B8EA0BF7F0A2E83 /* ApassyVaultKit in Frameworks */,
				DB2B1BEDAC9D9E9936D1F74E /* ApassyVaultCore in Frameworks */,
			);
			runOnlyForDeploymentPostprocessing = 0;
		};
		B786A033F044A7AD28C1ED93 /* Frameworks */ = {
			isa = PBXFrameworksBuildPhase;
			buildActionMask = 2147483647;
			files = (
				939B7B4EEFA0419E68FC61B3 /* ApassyVaultKit in Frameworks */,
				142D89311379F85A2A898CEF /* ApassyVaultCore in Frameworks */,
				AEFADD38BBF2E16B3CCE88BE /* AuthenticationServices.framework in Frameworks */,
			);
			runOnlyForDeploymentPostprocessing = 0;
		};
/* End PBXFrameworksBuildPhase section */

/* Begin PBXGroup section */
		0123F69D512B6AADCEF22959 /* apassy-ios-icloud */ = {
			isa = PBXGroup;
			children = (
				E8A87456D121CC2ED66668A6 /* licenses */,
			);
			name = "apassy-ios-icloud";
			path = ../..;
			sourceTree = "<group>";
		};
		05D858EF97BE4665D43E00AB /* Main */ = {
			isa = PBXGroup;
			children = (
				169E52DFC915C8BFD6A8EBCB /* ActivityView.swift */,
				33EFF55AA7ADF95410EB9472 /* ApprovalsView.swift */,
				61CD637566F0ED5A94FBD4BB /* ForgetMacButton.swift */,
				EEF0032D16E75A0003ECAA5C /* InboxView.swift */,
				5C707E9B88A62DDDE31571CE /* MacView.swift */,
				9A81CC84B47B4D6261B3D739 /* RunDetailView.swift */,
				9AD81109F0D7E34046EDDB9F /* RunRow.swift */,
				7600063A6C34AC63E06F2378 /* StatusCapsule.swift */,
			);
			path = Main;
			sourceTree = "<group>";
		};
		47F184B0B0DAC0AB82A3563C /* Resources */ = {
			isa = PBXGroup;
			children = (
				ACB44566CDBBB8C618ED0233 /* Assets.xcassets */,
			);
			path = Resources;
			sourceTree = "<group>";
		};
		4B73F04A39D63DE93D868803 /* Views */ = {
			isa = PBXGroup;
			children = (
				05D858EF97BE4665D43E00AB /* Main */,
				B72D362659562DDE78441551 /* Pairing */,
				9AE7DA0DE41E20D15F2CE1E8 /* Shared */,
				7C45DF9DE7CF50DB51B623DD /* Vault */,
			);
			path = Views;
			sourceTree = "<group>";
		};
		4CCBEF17C0233B8C4A5BA55B /* Products */ = {
			isa = PBXGroup;
			children = (
				D3E90CB21B3E02087D2ADE0F /* ApassyAutoFill.appex */,
				7EABE51DFD3F87A3C292A656 /* ApassyCompanion.app */,
			);
			name = Products;
			sourceTree = "<group>";
		};
		72C2FA9447F32FFF3EF0552B = {
			isa = PBXGroup;
			children = (
				0123F69D512B6AADCEF22959 /* apassy-ios-icloud */,
				751942F1E044A6B3896124D2 /* AutoFill */,
				869A26A7BA633E3F312E5677 /* Packages */,
				47F184B0B0DAC0AB82A3563C /* Resources */,
				E409E008BFAF2CE02E8FC229 /* Sources */,
				BE3E088099E8720E3A1C3836 /* Frameworks */,
				4CCBEF17C0233B8C4A5BA55B /* Products */,
			);
			sourceTree = "<group>";
		};
		751942F1E044A6B3896124D2 /* AutoFill */ = {
			isa = PBXGroup;
			children = (
				77A06C17E89DC1DCB1864D33 /* ApassyAutoFill.entitlements */,
				A1A7B7089BA3A509093E8685 /* AutoFillModel.swift */,
				0BC42EE11D63D65DD187A2A1 /* AutoFillViews.swift */,
				B210B98EF4836F5C25B4F8E9 /* CredentialProviderViewController.swift */,
				C367432632CB02AEBDD2CDF8 /* Info.plist */,
			);
			path = AutoFill;
			sourceTree = "<group>";
		};
		7C45DF9DE7CF50DB51B623DD /* Vault */ = {
			isa = PBXGroup;
			children = (
				F58D1C2BB6F8A7EB17A42568 /* AppWelcomeView.swift */,
				38F3E0A15FE766FA331F02FD /* GeneratorView.swift */,
				BCDF2D0D076678612EDDA49F /* ICloudVaultFlowView.swift */,
				F3D12AC62CA251B3BDB3D870 /* ItemDetailView.swift */,
				D22401E12E72EAFD4F8B7F52 /* ItemEditorView.swift */,
				FF384FB7C7A9E213F181560D /* JoinFlowView.swift */,
				3767CC017257A886D4694D81 /* LicensesView.swift */,
				BA1978BE1A25B04CCD8F98DB /* LockView.swift */,
				6AF93D2413F24FB5B4F38F18 /* SettingsView.swift */,
				801D958711CB9104B029DFE7 /* VaultComponents.swift */,
				1CAA1DEB0BD7A9938483BF58 /* VaultTabView.swift */,
				F1E05AAEBDDF4BC4EF048A3C /* WatchtowerView.swift */,
			);
			path = Vault;
			sourceTree = "<group>";
		};
		851D92E78BC2F2B7FEB466DE /* Models */ = {
			isa = PBXGroup;
			children = (
				684F437C25C8B450F56C714A /* AppModel.swift */,
				F822347FA7AB2283110B8D02 /* CoverPolicy.swift */,
				11EB13920306DFE4830B5187 /* DeviceName.swift */,
				E147004528DE97B7F6F8E9BF /* MacConnection.swift */,
				B8A7940F84FC12C29393A036 /* PairingModel.swift */,
				676B2357ACAEF991AE9837BD /* RootModel.swift */,
				09431E87D7B3F006155FFB5D /* RunSnapshot.swift */,
				F6F302A1D75457EBBD7CBBF1 /* SessionModel.swift */,
			);
			path = Models;
			sourceTree = "<group>";
		};
		86707CF82B4FF1E937869A19 /* Previews */ = {
			isa = PBXGroup;
			children = (
				1BF79E9789093F95CA5C3233 /* PreviewData.swift */,
			);
			path = Previews;
			sourceTree = "<group>";
		};
		869A26A7BA633E3F312E5677 /* Packages */ = {
			isa = PBXGroup;
			children = (
				8BBBE6D218E66D39BFFB94C7 /* ApassyCompanionKit */,
				A30BE0E798882BAE6EEF527A /* ApassyVaultKit */,
			);
			name = Packages;
			sourceTree = "<group>";
		};
		9AE7DA0DE41E20D15F2CE1E8 /* Shared */ = {
			isa = PBXGroup;
			children = (
				52A768E41BE6FD6BA91F0FC9 /* CodeScannerPanel.swift */,
				A37147DA2D368F8D09352F30 /* FlowLayout.swift */,
				8ADC1C45326B2A085857E93A /* PrivacyCover.swift */,
				7B4C217EDB49F26B587027C8 /* VaultPrompts.swift */,
			);
			path = Shared;
			sourceTree = "<group>";
		};
		B72D362659562DDE78441551 /* Pairing */ = {
			isa = PBXGroup;
			children = (
				7817EDC4D472A14E4FC7E630 /* CodeViews.swift */,
				2852EDCFD6A280976A327162 /* PairingFlowView.swift */,
				2F434C376345E9C5F41FD05C /* QRScannerView.swift */,
				35FEB27DAC4943C23B689CEA /* ScanView.swift */,
				28D931508D2F301CC10F79C0 /* WelcomeView.swift */,
			);
			path = Pairing;
			sourceTree = "<group>";
		};
		BE3E088099E8720E3A1C3836 /* Frameworks */ = {
			isa = PBXGroup;
			children = (
				E1233715B64E75B11C0EEA02 /* AuthenticationServices.framework */,
			);
			name = Frameworks;
			sourceTree = "<group>";
		};
		C6D4DCAB8F9AAEA2E851694F /* Vault */ = {
			isa = PBXGroup;
			children = (
				C03D253B246ED503A21556A3 /* GeneratorModel.swift */,
				95CB97B8F03841A75DB19BE7 /* ICloudVaultModel.swift */,
				85D80182C9A54AC9ACC88F5C /* ItemDetailModel.swift */,
				1C0D707D429BDDECB6D010D2 /* ItemEditorModel.swift */,
				5A24AC166DBA7F3F58D3F484 /* JoinModel.swift */,
				8E4146357404F8C913371D3F /* OwnerGate.swift */,
				8A053A5569796E7D6C02E46D /* VaultModel.swift */,
				D8EC9697F29193286C3FA919 /* VaultQuery.swift */,
				38500713C126F8B4EEE9C6F5 /* VaultSettings.swift */,
				6E55AB118DA00EE6D0529187 /* VaultText.swift */,
			);
			path = Vault;
			sourceTree = "<group>";
		};
		E409E008BFAF2CE02E8FC229 /* Sources */ = {
			isa = PBXGroup;
			children = (
				DB347F790915A1B646346265 /* ApassyCompanionApp.swift */,
				851D92E78BC2F2B7FEB466DE /* Models */,
				86707CF82B4FF1E937869A19 /* Previews */,
				C6D4DCAB8F9AAEA2E851694F /* Vault */,
				4B73F04A39D63DE93D868803 /* Views */,
			);
			path = Sources;
			sourceTree = "<group>";
		};
/* End PBXGroup section */

/* Begin PBXNativeTarget section */
		4FC48928FE53A7A1DD0B420A /* ApassyCompanion */ = {
			isa = PBXNativeTarget;
			buildConfigurationList = 4402D8B11FD5791AAD24B0F2 /* Build configuration list for PBXNativeTarget "ApassyCompanion" */;
			buildPhases = (
				33FF1DAE7124F578FB92DC4F /* Sources */,
				209313F67EC93D498A1B5171 /* Resources */,
				2B2114B4C568B2790B688A48 /* Frameworks */,
				5E862BFDBD88324A98833D8D /* Embed Foundation Extensions */,
			);
			buildRules = (
			);
			dependencies = (
				6322E4ABCFA3D7324421C47E /* PBXTargetDependency */,
			);
			name = ApassyCompanion;
			packageProductDependencies = (
				6FE3FFDC8C82F88AFD62B39B /* ApassyCompanionKit */,
				EACEA60C501FAA941326D7E1 /* ApassyVaultKit */,
				B05ACCDC4E7DAE781A0DAB60 /* ApassyVaultCore */,
			);
			productName = ApassyCompanion;
			productReference = 7EABE51DFD3F87A3C292A656 /* ApassyCompanion.app */;
			productType = "com.apple.product-type.application";
		};
		DFAA36CE6FA994B0BF0F57A1 /* ApassyAutoFill */ = {
			isa = PBXNativeTarget;
			buildConfigurationList = F9887015B1433A567C4415CA /* Build configuration list for PBXNativeTarget "ApassyAutoFill" */;
			buildPhases = (
				30F737D5E5D9D6C5858FEA0D /* Sources */,
				B786A033F044A7AD28C1ED93 /* Frameworks */,
			);
			buildRules = (
			);
			dependencies = (
			);
			name = ApassyAutoFill;
			packageProductDependencies = (
				353E83378BBC3FDA45A62FDC /* ApassyVaultKit */,
				492453E946A35E682FE6C4B4 /* ApassyVaultCore */,
			);
			productName = ApassyAutoFill;
			productReference = D3E90CB21B3E02087D2ADE0F /* ApassyAutoFill.appex */;
			productType = "com.apple.product-type.app-extension";
		};
/* End PBXNativeTarget section */

/* Begin PBXProject section */
		DCBC3BBE1FCC07BF25224DB2 /* Project object */ = {
			isa = PBXProject;
			attributes = {
				BuildIndependentTargetsInParallel = YES;
				LastUpgradeCheck = 1430;
				TargetAttributes = {
					4FC48928FE53A7A1DD0B420A = {
						ProvisioningStyle = Automatic;
					};
					DFAA36CE6FA994B0BF0F57A1 = {
						ProvisioningStyle = Automatic;
					};
				};
			};
			buildConfigurationList = 11663B9917DDBFDE84F5AE5F /* Build configuration list for PBXProject "ApassyCompanion" */;
			developmentRegion = en;
			hasScannedForEncodings = 0;
			knownRegions = (
				Base,
				en,
			);
			mainGroup = 72C2FA9447F32FFF3EF0552B;
			minimizedProjectReferenceProxies = 1;
			packageReferences = (
				D987F4D6FC1C88672467C203 /* XCLocalSwiftPackageReference "../ApassyCompanionKit" */,
				5E11DCD4E796AF413BB60667 /* XCLocalSwiftPackageReference "../ApassyVaultKit" */,
			);
			preferredProjectObjectVersion = 77;
			productRefGroup = 4CCBEF17C0233B8C4A5BA55B /* Products */;
			projectDirPath = "";
			projectRoot = "";
			targets = (
				4FC48928FE53A7A1DD0B420A /* ApassyCompanion */,
				DFAA36CE6FA994B0BF0F57A1 /* ApassyAutoFill */,
			);
		};
/* End PBXProject section */

/* Begin PBXResourcesBuildPhase section */
		209313F67EC93D498A1B5171 /* Resources */ = {
			isa = PBXResourcesBuildPhase;
			buildActionMask = 2147483647;
			files = (
				691C57166953082B01AC26AB /* Assets.xcassets in Resources */,
				F04F4F1BEA84E2D259BB8C2B /* licenses in Resources */,
			);
			runOnlyForDeploymentPostprocessing = 0;
		};
/* End PBXResourcesBuildPhase section */

/* Begin PBXSourcesBuildPhase section */
		30F737D5E5D9D6C5858FEA0D /* Sources */ = {
			isa = PBXSourcesBuildPhase;
			buildActionMask = 2147483647;
			files = (
				1CEEF50BFCB6D847B049A3D6 /* AutoFillModel.swift in Sources */,
				BD37047CC6B15911AFA24AD5 /* AutoFillViews.swift in Sources */,
				C42C4BC25E83C2DFFE8F7810 /* CredentialProviderViewController.swift in Sources */,
			);
			runOnlyForDeploymentPostprocessing = 0;
		};
		33FF1DAE7124F578FB92DC4F /* Sources */ = {
			isa = PBXSourcesBuildPhase;
			buildActionMask = 2147483647;
			files = (
				B9E78C434584B11B6067254E /* ActivityView.swift in Sources */,
				3EB151FA4F3F4C95FDA98FE8 /* ApassyCompanionApp.swift in Sources */,
				674F78210B56608BDFDE6D0D /* AppModel.swift in Sources */,
				57F6005A3BA458D149AD653A /* AppWelcomeView.swift in Sources */,
				0F8B4851F0A8E3832FF629A5 /* ApprovalsView.swift in Sources */,
				6B2670298B8143D54CCD9E3E /* CodeScannerPanel.swift in Sources */,
				609072B00CF0B945807B0E6A /* CodeViews.swift in Sources */,
				C75F905D2E169F09022BA2A5 /* CoverPolicy.swift in Sources */,
				73FBB0FDD0BC645CA75F5C8B /* DeviceName.swift in Sources */,
				866E0C2F76BB1C522007252B /* FlowLayout.swift in Sources */,
				27224C6F6BF114EB760AF4BC /* ForgetMacButton.swift in Sources */,
				EE66CB21B35E83A303A648E2 /* GeneratorModel.swift in Sources */,
				BBF4A5AD64CFAD14F670286E /* GeneratorView.swift in Sources */,
				904BCA91D44ADF8CE134333C /* ICloudVaultFlowView.swift in Sources */,
				1E57AF690201D989941754AB /* ICloudVaultModel.swift in Sources */,
				00DA596667674069A3E69886 /* InboxView.swift in Sources */,
				E1EC7ADCAEFFFD5336E65C8E /* ItemDetailModel.swift in Sources */,
				32E26ABF44D434EC0B4A3556 /* ItemDetailView.swift in Sources */,
				97A2E6135F036E9C6B224D8A /* ItemEditorModel.swift in Sources */,
				BDD9FABC86173D3F21C383A8 /* ItemEditorView.swift in Sources */,
				F076F449DEDCF35058629720 /* JoinFlowView.swift in Sources */,
				88D297705A24C7750135FFE6 /* JoinModel.swift in Sources */,
				8D524F2EC39AF6DF75652AAB /* LicensesView.swift in Sources */,
				B1EA08F2EA7D9DF46537774F /* LockView.swift in Sources */,
				4F69B92A4364426CA93EE63B /* MacConnection.swift in Sources */,
				1A52B124D8933244BA388026 /* MacView.swift in Sources */,
				3C9D4C120707FEF65A02F1B3 /* OwnerGate.swift in Sources */,
				8978D6FB472BF35AC15B9BFE /* PairingFlowView.swift in Sources */,
				E92DDF171CBCAB2694A5C0DD /* PairingModel.swift in Sources */,
				1060F80970E18A341F6D0669 /* PreviewData.swift in Sources */,
				413FFCF50643061BDB362BB2 /* PrivacyCover.swift in Sources */,
				9D61512DB9ED24163C2C70E4 /* QRScannerView.swift in Sources */,
				09F694C5C4D716E93F825AC7 /* RootModel.swift in Sources */,
				E449C2128DB03FD963CDF80D /* RunDetailView.swift in Sources */,
				FD7A167D298AFB536B1E9D93 /* RunRow.swift in Sources */,
				CF4E4D1C4CC0D4D521C372E5 /* RunSnapshot.swift in Sources */,
				11E32DAE9B618713C2D006E7 /* ScanView.swift in Sources */,
				24E21F470E30106F0769BC1B /* SessionModel.swift in Sources */,
				96BFFFBB07804A2D3E07D4E3 /* SettingsView.swift in Sources */,
				0E617EF1351E81FD74E13801 /* StatusCapsule.swift in Sources */,
				DF14C6589280FB82F5E3D836 /* VaultComponents.swift in Sources */,
				5F11EE428F560015AA9E2BCE /* VaultModel.swift in Sources */,
				08FEE1E0E93044E3ECA287D2 /* VaultPrompts.swift in Sources */,
				D484EF81C10E23E407A4ABBC /* VaultQuery.swift in Sources */,
				4D49CF16AA3E8B545B2300DE /* VaultSettings.swift in Sources */,
				6F6D678113B6BA5D82709E80 /* VaultTabView.swift in Sources */,
				8562FA44FBECC5E6F628C81A /* VaultText.swift in Sources */,
				0C25160BEC2911502730034F /* WatchtowerView.swift in Sources */,
				25B454F68E7F851382CB8CDD /* WelcomeView.swift in Sources */,
			);
			runOnlyForDeploymentPostprocessing = 0;
		};
/* End PBXSourcesBuildPhase section */

/* Begin PBXTargetDependency section */
		6322E4ABCFA3D7324421C47E /* PBXTargetDependency */ = {
			isa = PBXTargetDependency;
			target = DFAA36CE6FA994B0BF0F57A1 /* ApassyAutoFill */;
			targetProxy = BDFA531F274669DA526FB977 /* PBXContainerItemProxy */;
		};
/* End PBXTargetDependency section */

/* Begin XCBuildConfiguration section */
		17B0FFC6F917FD3950E019A9 /* Release */ = {
			isa = XCBuildConfiguration;
			buildSettings = {
				ALWAYS_SEARCH_USER_PATHS = NO;
				CLANG_ANALYZER_NONNULL = YES;
				CLANG_ANALYZER_NUMBER_OBJECT_CONVERSION = YES_AGGRESSIVE;
				CLANG_CXX_LANGUAGE_STANDARD = "gnu++14";
				CLANG_CXX_LIBRARY = "libc++";
				CLANG_ENABLE_MODULES = YES;
				CLANG_ENABLE_OBJC_ARC = YES;
				CLANG_ENABLE_OBJC_WEAK = YES;
				CLANG_WARN_BLOCK_CAPTURE_AUTORELEASING = YES;
				CLANG_WARN_BOOL_CONVERSION = YES;
				CLANG_WARN_COMMA = YES;
				CLANG_WARN_CONSTANT_CONVERSION = YES;
				CLANG_WARN_DEPRECATED_OBJC_IMPLEMENTATIONS = YES;
				CLANG_WARN_DIRECT_OBJC_ISA_USAGE = YES_ERROR;
				CLANG_WARN_DOCUMENTATION_COMMENTS = YES;
				CLANG_WARN_EMPTY_BODY = YES;
				CLANG_WARN_ENUM_CONVERSION = YES;
				CLANG_WARN_INFINITE_RECURSION = YES;
				CLANG_WARN_INT_CONVERSION = YES;
				CLANG_WARN_NON_LITERAL_NULL_CONVERSION = YES;
				CLANG_WARN_OBJC_IMPLICIT_RETAIN_SELF = YES;
				CLANG_WARN_OBJC_LITERAL_CONVERSION = YES;
				CLANG_WARN_OBJC_ROOT_CLASS = YES_ERROR;
				CLANG_WARN_QUOTED_INCLUDE_IN_FRAMEWORK_HEADER = YES;
				CLANG_WARN_RANGE_LOOP_ANALYSIS = YES;
				CLANG_WARN_STRICT_PROTOTYPES = YES;
				CLANG_WARN_SUSPICIOUS_MOVE = YES;
				CLANG_WARN_UNGUARDED_AVAILABILITY = YES_AGGRESSIVE;
				CLANG_WARN_UNREACHABLE_CODE = YES;
				CLANG_WARN__DUPLICATE_METHOD_MATCH = YES;
				CODE_SIGN_STYLE = Automatic;
				COPY_PHASE_STRIP = NO;
				CURRENT_PROJECT_VERSION = 1;
				DEBUG_INFORMATION_FORMAT = "dwarf-with-dsym";
				ENABLE_NS_ASSERTIONS = NO;
				ENABLE_STRICT_OBJC_MSGSEND = YES;
				"EXCLUDED_ARCHS[sdk=iphonesimulator*]" = x86_64;
				GCC_C_LANGUAGE_STANDARD = gnu11;
				GCC_NO_COMMON_BLOCKS = YES;
				GCC_TREAT_WARNINGS_AS_ERRORS = YES;
				GCC_WARN_64_TO_32_BIT_CONVERSION = YES;
				GCC_WARN_ABOUT_RETURN_TYPE = YES_ERROR;
				GCC_WARN_UNDECLARED_SELECTOR = YES;
				GCC_WARN_UNINITIALIZED_AUTOS = YES_AGGRESSIVE;
				GCC_WARN_UNUSED_FUNCTION = YES;
				GCC_WARN_UNUSED_VARIABLE = YES;
				IPHONEOS_DEPLOYMENT_TARGET = 26.0;
				LM_SKIP_METADATA_EXTRACTION = YES;
				MARKETING_VERSION = 0.4.0;
				MTL_ENABLE_DEBUG_INFO = NO;
				MTL_FAST_MATH = YES;
				PRODUCT_NAME = "$(TARGET_NAME)";
				SDKROOT = iphoneos;
				SUPPORTS_MACCATALYST = NO;
				SUPPORTS_MAC_DESIGNED_FOR_IPHONE_IPAD = NO;
				SWIFT_COMPILATION_MODE = wholemodule;
				SWIFT_OPTIMIZATION_LEVEL = "-O";
				SWIFT_STRICT_CONCURRENCY = complete;
				SWIFT_TREAT_WARNINGS_AS_ERRORS = YES;
				SWIFT_VERSION = 6.0;
				TARGETED_DEVICE_FAMILY = 1;
			};
			name = Release;
		};
		1AD535A29E46E6806AD04F09 /* Debug */ = {
			isa = XCBuildConfiguration;
			buildSettings = {
				ASSETCATALOG_COMPILER_APPICON_NAME = AppIcon;
				ASSETCATALOG_COMPILER_GLOBAL_ACCENT_COLOR_NAME = AccentColor;
				CODE_SIGN_ENTITLEMENTS = Apassy.entitlements;
				CODE_SIGN_IDENTITY = "iPhone Developer";
				GENERATE_INFOPLIST_FILE = NO;
				INFOPLIST_FILE = Info.plist;
				LD_RUNPATH_SEARCH_PATHS = (
					"$(inherited)",
					"@executable_path/Frameworks",
				);
				PRODUCT_BUNDLE_IDENTIFIER = com.wydrox.apassy.companion;
				PRODUCT_NAME = ApassyCompanion;
				SDKROOT = iphoneos;
				TARGETED_DEVICE_FAMILY = "1,2";
			};
			name = Debug;
		};
		1CBAEA25E00DEC5BDDECF0BB /* Release */ = {
			isa = XCBuildConfiguration;
			buildSettings = {
				ASSETCATALOG_COMPILER_APPICON_NAME = AppIcon;
				ASSETCATALOG_COMPILER_GLOBAL_ACCENT_COLOR_NAME = AccentColor;
				CODE_SIGN_ENTITLEMENTS = Apassy.entitlements;
				CODE_SIGN_IDENTITY = "iPhone Developer";
				GENERATE_INFOPLIST_FILE = NO;
				INFOPLIST_FILE = Info.plist;
				LD_RUNPATH_SEARCH_PATHS = (
					"$(inherited)",
					"@executable_path/Frameworks",
				);
				PRODUCT_BUNDLE_IDENTIFIER = com.wydrox.apassy.companion;
				PRODUCT_NAME = ApassyCompanion;
				SDKROOT = iphoneos;
				TARGETED_DEVICE_FAMILY = "1,2";
			};
			name = Release;
		};
		4000E7D8952CE94B1DE821AC /* Debug */ = {
			isa = XCBuildConfiguration;
			buildSettings = {
				APPLICATION_EXTENSION_API_ONLY = YES;
				CODE_SIGN_ENTITLEMENTS = AutoFill/ApassyAutoFill.entitlements;
				GENERATE_INFOPLIST_FILE = NO;
				INFOPLIST_FILE = AutoFill/Info.plist;
				LD_RUNPATH_SEARCH_PATHS = (
					"$(inherited)",
					"@executable_path/Frameworks",
					"@executable_path/../../Frameworks",
				);
				PRODUCT_BUNDLE_IDENTIFIER = com.wydrox.apassy.companion.autofill;
				PRODUCT_NAME = ApassyAutoFill;
				SDKROOT = iphoneos;
				TARGETED_DEVICE_FAMILY = "1,2";
			};
			name = Debug;
		};
		A0A298021BA51399267977A9 /* Release */ = {
			isa = XCBuildConfiguration;
			buildSettings = {
				APPLICATION_EXTENSION_API_ONLY = YES;
				CODE_SIGN_ENTITLEMENTS = AutoFill/ApassyAutoFill.entitlements;
				GENERATE_INFOPLIST_FILE = NO;
				INFOPLIST_FILE = AutoFill/Info.plist;
				LD_RUNPATH_SEARCH_PATHS = (
					"$(inherited)",
					"@executable_path/Frameworks",
					"@executable_path/../../Frameworks",
				);
				PRODUCT_BUNDLE_IDENTIFIER = com.wydrox.apassy.companion.autofill;
				PRODUCT_NAME = ApassyAutoFill;
				SDKROOT = iphoneos;
				TARGETED_DEVICE_FAMILY = "1,2";
			};
			name = Release;
		};
		C64925B770AF18CCE237B983 /* Debug */ = {
			isa = XCBuildConfiguration;
			buildSettings = {
				ALWAYS_SEARCH_USER_PATHS = NO;
				CLANG_ANALYZER_NONNULL = YES;
				CLANG_ANALYZER_NUMBER_OBJECT_CONVERSION = YES_AGGRESSIVE;
				CLANG_CXX_LANGUAGE_STANDARD = "gnu++14";
				CLANG_CXX_LIBRARY = "libc++";
				CLANG_ENABLE_MODULES = YES;
				CLANG_ENABLE_OBJC_ARC = YES;
				CLANG_ENABLE_OBJC_WEAK = YES;
				CLANG_WARN_BLOCK_CAPTURE_AUTORELEASING = YES;
				CLANG_WARN_BOOL_CONVERSION = YES;
				CLANG_WARN_COMMA = YES;
				CLANG_WARN_CONSTANT_CONVERSION = YES;
				CLANG_WARN_DEPRECATED_OBJC_IMPLEMENTATIONS = YES;
				CLANG_WARN_DIRECT_OBJC_ISA_USAGE = YES_ERROR;
				CLANG_WARN_DOCUMENTATION_COMMENTS = YES;
				CLANG_WARN_EMPTY_BODY = YES;
				CLANG_WARN_ENUM_CONVERSION = YES;
				CLANG_WARN_INFINITE_RECURSION = YES;
				CLANG_WARN_INT_CONVERSION = YES;
				CLANG_WARN_NON_LITERAL_NULL_CONVERSION = YES;
				CLANG_WARN_OBJC_IMPLICIT_RETAIN_SELF = YES;
				CLANG_WARN_OBJC_LITERAL_CONVERSION = YES;
				CLANG_WARN_OBJC_ROOT_CLASS = YES_ERROR;
				CLANG_WARN_QUOTED_INCLUDE_IN_FRAMEWORK_HEADER = YES;
				CLANG_WARN_RANGE_LOOP_ANALYSIS = YES;
				CLANG_WARN_STRICT_PROTOTYPES = YES;
				CLANG_WARN_SUSPICIOUS_MOVE = YES;
				CLANG_WARN_UNGUARDED_AVAILABILITY = YES_AGGRESSIVE;
				CLANG_WARN_UNREACHABLE_CODE = YES;
				CLANG_WARN__DUPLICATE_METHOD_MATCH = YES;
				CODE_SIGN_STYLE = Automatic;
				COPY_PHASE_STRIP = NO;
				CURRENT_PROJECT_VERSION = 1;
				DEBUG_INFORMATION_FORMAT = dwarf;
				ENABLE_STRICT_OBJC_MSGSEND = YES;
				ENABLE_TESTABILITY = YES;
				"EXCLUDED_ARCHS[sdk=iphonesimulator*]" = x86_64;
				GCC_C_LANGUAGE_STANDARD = gnu11;
				GCC_DYNAMIC_NO_PIC = NO;
				GCC_NO_COMMON_BLOCKS = YES;
				GCC_OPTIMIZATION_LEVEL = 0;
				GCC_PREPROCESSOR_DEFINITIONS = (
					"$(inherited)",
					"DEBUG=1",
				);
				GCC_TREAT_WARNINGS_AS_ERRORS = YES;
				GCC_WARN_64_TO_32_BIT_CONVERSION = YES;
				GCC_WARN_ABOUT_RETURN_TYPE = YES_ERROR;
				GCC_WARN_UNDECLARED_SELECTOR = YES;
				GCC_WARN_UNINITIALIZED_AUTOS = YES_AGGRESSIVE;
				GCC_WARN_UNUSED_FUNCTION = YES;
				GCC_WARN_UNUSED_VARIABLE = YES;
				IPHONEOS_DEPLOYMENT_TARGET = 26.0;
				LM_SKIP_METADATA_EXTRACTION = YES;
				MARKETING_VERSION = 0.4.0;
				MTL_ENABLE_DEBUG_INFO = INCLUDE_SOURCE;
				MTL_FAST_MATH = YES;
				ONLY_ACTIVE_ARCH = YES;
				PRODUCT_NAME = "$(TARGET_NAME)";
				SDKROOT = iphoneos;
				SUPPORTS_MACCATALYST = NO;
				SUPPORTS_MAC_DESIGNED_FOR_IPHONE_IPAD = NO;
				SWIFT_ACTIVE_COMPILATION_CONDITIONS = DEBUG;
				SWIFT_OPTIMIZATION_LEVEL = "-Onone";
				SWIFT_STRICT_CONCURRENCY = complete;
				SWIFT_TREAT_WARNINGS_AS_ERRORS = YES;
				SWIFT_VERSION = 6.0;
				TARGETED_DEVICE_FAMILY = 1;
			};
			name = Debug;
		};
/* End XCBuildConfiguration section */

/* Begin XCConfigurationList section */
		11663B9917DDBFDE84F5AE5F /* Build configuration list for PBXProject "ApassyCompanion" */ = {
			isa = XCConfigurationList;
			buildConfigurations = (
				C64925B770AF18CCE237B983 /* Debug */,
				17B0FFC6F917FD3950E019A9 /* Release */,
			);
			defaultConfigurationIsVisible = 0;
			defaultConfigurationName = Debug;
		};
		4402D8B11FD5791AAD24B0F2 /* Build configuration list for PBXNativeTarget "ApassyCompanion" */ = {
			isa = XCConfigurationList;
			buildConfigurations = (
				1AD535A29E46E6806AD04F09 /* Debug */,
				1CBAEA25E00DEC5BDDECF0BB /* Release */,
			);
			defaultConfigurationIsVisible = 0;
			defaultConfigurationName = Debug;
		};
		F9887015B1433A567C4415CA /* Build configuration list for PBXNativeTarget "ApassyAutoFill" */ = {
			isa = XCConfigurationList;
			buildConfigurations = (
				4000E7D8952CE94B1DE821AC /* Debug */,
				A0A298021BA51399267977A9 /* Release */,
			);
			defaultConfigurationIsVisible = 0;
			defaultConfigurationName = Debug;
		};
/* End XCConfigurationList section */

/* Begin XCLocalSwiftPackageReference section */
		5E11DCD4E796AF413BB60667 /* XCLocalSwiftPackageReference "../ApassyVaultKit" */ = {
			isa = XCLocalSwiftPackageReference;
			relativePath = ../ApassyVaultKit;
		};
		D987F4D6FC1C88672467C203 /* XCLocalSwiftPackageReference "../ApassyCompanionKit" */ = {
			isa = XCLocalSwiftPackageReference;
			relativePath = ../ApassyCompanionKit;
		};
/* End XCLocalSwiftPackageReference section */

/* Begin XCSwiftPackageProductDependency section */
		353E83378BBC3FDA45A62FDC /* ApassyVaultKit */ = {
			isa = XCSwiftPackageProductDependency;
			productName = ApassyVaultKit;
		};
		492453E946A35E682FE6C4B4 /* ApassyVaultCore */ = {
			isa = XCSwiftPackageProductDependency;
			productName = ApassyVaultCore;
		};
		6FE3FFDC8C82F88AFD62B39B /* ApassyCompanionKit */ = {
			isa = XCSwiftPackageProductDependency;
			productName = ApassyCompanionKit;
		};
		B05ACCDC4E7DAE781A0DAB60 /* ApassyVaultCore */ = {
			isa = XCSwiftPackageProductDependency;
			productName = ApassyVaultCore;
		};
		EACEA60C501FAA941326D7E1 /* ApassyVaultKit */ = {
			isa = XCSwiftPackageProductDependency;
			productName = ApassyVaultKit;
		};
/* End XCSwiftPackageProductDependency section */
	};
	rootObject = DCBC3BBE1FCC07BF25224DB2 /* Project object */;
}
